Microsoft Visual Studio Solution File, Format Version 12.00
# Visual Studio Version 17
VisualStudioVersion = 17.13.35931.197
MinimumVisualStudioVersion = 10.0.40219.1
Project("{FAE04EC0-301F-11D3-BF4B-00C04F79EFBC}") = "OaklandCC.Ethos.eLumen", "OaklandCC.Ethos.eLumen.csproj", "{C3387B8A-7C65-BCC8-7213-09FE94C97013}"
EndProject
Project("{FAE04EC0-301F-11D3-BF4B-00C04F79EFBC}") = "OaklandCC.Ethos.Common", "..\OaklandCC.Ethos.Common\OaklandCC.Ethos.Common.csproj", "{A44958AD-72B0-7603-C2EC-C05EF9230F36}"
EndProject
Global
	GlobalSection(SolutionConfigurationPlatforms) = preSolution
		Debug|Any CPU = Debug|Any CPU
		Release|Any CPU = Release|Any CPU
	EndGlobalSection
	GlobalSection(ProjectConfigurationPlatforms) = postSolution
		{C3387B8A-7C65-BCC8-7213-09FE94C97013}.Debug|Any CPU.ActiveCfg = Debug|Any CPU
		{C3387B8A-7C65-BCC8-7213-09FE94C97013}.Debug|Any CPU.Build.0 = Debug|Any CPU
		{C3387B8A-7C65-BCC8-7213-09FE94C97013}.Release|Any CPU.ActiveCfg = Release|Any CPU
		{C3387B8A-7C65-BCC8-7213-09FE94C97013}.Release|Any CPU.Build.0 = Release|Any CPU
		{A44958AD-72B0-7603-C2EC-C05EF9230F36}.Debug|Any CPU.ActiveCfg = Debug|Any CPU
		{A44958AD-72B0-7603-C2EC-C05EF9230F36}.Debug|Any CPU.Build.0 = Debug|Any CPU
		{A44958AD-72B0-7603-C2EC-C05EF9230F36}.Release|Any CPU.ActiveCfg = Release|Any CPU
		{A44958AD-72B0-7603-C2EC-C05EF9230F36}.Release|Any CPU.Build.0 = Release|Any CPU
	EndGlobalSection
	GlobalSection(SolutionProperties) = preSolution
		HideSolutionNode = FALSE
	EndGlobalSection
	GlobalSection(ExtensibilityGlobals) = postSolution
		SolutionGuid = {F30D5A99-5C9E-4072-BE0C-5E2BE99D8FBB}
	EndGlobalSection
EndGlobal
